// !$*UTF8*$!
{
	archiveVersion = 1;
	classes = {
	};
	objectVersion = 46;
	objects = {

/* Begin PBXBuildFile section */
		276F9E431F609E4C009A3683 /* Gratuity.swift in Sources */ = {isa = PBXBuildFile; fileRef = 276F9E421F609E4C009A3683 /* Gratuity.swift */; };
		4F0541791F575A5F0019868C /* AppDelegate.swift in Sources */ = {isa = PBXBuildFile; fileRef = 4F0541781F575A5F0019868C /* AppDelegate.swift */; };
		4F05417B1F575A5F0019868C /* ViewController.swift in Sources */ = {isa = PBXBuildFile; fileRef = 4F05417A1F575A5F0019868C /* ViewController.swift */; };
		4F05417E1F575A5F0019868C /* Main.storyboard in Resources */ = {isa = PBXBuildFile; fileRef = 4F05417C1F575A5F0019868C /* Main.storyboard */; };
		4F0541801F575A5F0019868C /* Assets.xcassets in Resources */ = {isa = PBXBuildFile; fileRef = 4F05417F1F575A5F0019868C /* Assets.xcassets */; };
		4F0541831F575A5F0019868C /* LaunchScreen.storyboard in Resources */ = {isa = PBXBuildFile; fileRef = 4F0541811F575A5F0019868C /* LaunchScreen.storyboard */; };
/* End PBXBuildFile section */

/* Begin PBXFileReference section */
		276F9E421F609E4C009A3683 /* Gratuity.swift */ = {isa = PBXFileReference; fileEncoding = 4; lastKnownFileType = sourcecode.swift; path = Gratuity.swift; sourceTree = "<group>"; };
		4F0541751F575A5F0019868C /* GratuityCalculator.app */ = {isa = PBXFileReference; explicitFileType = wrapper.application; includeInIndex = 0; path = GratuityCalculator.app; sourceTree = BUILT_PRODUCTS_DIR; };
		4F0541781F575A5F0019868C /* AppDelegate.swift */ = {isa = PBXFileReference; lastKnownFileType = sourcecode.swift; path = AppDelegate.swift; sourceTree = "<group>"; };
		4F05417A1F575A5F0019868C /* ViewController.swift */ = {isa = PBXFileReference; lastKnownFileType = sourcecode.swift; path = ViewController.swift; sourceTree = "<group>"; };
		4F05417D1F575A5F0019868C /* Base */ = {isa = PBXFileReference; lastKnownFileType = file.storyboard; name = Base; path = Base.lproj/Main.storyboard; sourceTree = "<group>"; };
		4F05417F1F575A5F0019868C /* Assets.xcassets */ = {isa = PBXFileReference; lastKnownFileType = folder.assetcatalog; path = Assets.xcassets; sourceTree = "<group>"; };
		4F0541821F575A5F0019868C /* Base */ = {isa = PBXFileReference; lastKnownFileType = file.storyboard; name = Base; path = Base.lproj/LaunchScreen.storyboard; sourceTree = "<group>"; };
		4F0541841F575A5F0019868C /* Info.plist */ = {isa = PBXFileReference; lastKnownFileType = text.plist.xml; path = Info.plist; sourceTree = "<group>"; };
/* End PBXFileReference section */

/* Begin PBXFrameworksBuildPhase section */
		4F0541721F575A5F0019868C /* Frameworks */ = {
			isa = PBXFrameworksBuildPhase;
			buildActionMask = 2147483647;
			files = (
			);
			runOnlyForDeploymentPostprocessing = 0;
		};
/* End PBXFrameworksBuildPhase section */

/* Begin PBXGroup section */
		4F05416C1F575A5F0019868C = {
			isa = PBXGroup;
			children = (
				4F0541771F575A5F0019868C /* GratuityCalculator */,
				4F0541761F575A5F0019868C /* Products */,
			);
			sourceTree = "<group>";
		};
		4F0541761F575A5F0019868C /* Products */ = {
			isa = PBXGroup;
			children = (
				4F0541751F575A5F0019868C /* GratuityCalculator.app */,
			);
			name = Products;
			sourceTree = "<group>";
		};
		4F0541771F575A5F0019868C /* GratuityCalculator */ = {
			isa = PBXGroup;
			children = (
				4F0541781F575A5F0019868C /* AppDelegate.swift */,
				4F05417A1F575A5F0019868C /* ViewController.swift */,
				4F05417C1F575A5F0019868C /* Main.storyboard */,
				4F05417F1F575A5F0019868C /* Assets.xcassets */,
				4F0541811F575A5F0019868C /* LaunchScreen.storyboard */,
				4F0541841F575A5F0019868C /* Info.plist */,
				276F9E421F609E4C009A3683 /* Gratuity.swift */,
			);
			path = GratuityCalculator;
			sourceTree = "<group>";
		};
/* End PBXGroup section */

/* Begin PBXNativeTarget section */
		4F0541741F575A5F0019868C /* GratuityCalculator */ = {
			isa = PBXNativeTarget;
			buildConfigurationList = 4F0541871F575A5F0019868C /* Build configuration list for PBXNativeTarget "GratuityCalculator" */;
			buildPhases = (
				4F0541711F575A5F0019868C /* Sources */,
				4F0541721F575A5F0019868C /* Frameworks */,
				4F0541731F575A5F0019868C /* Resources */,
			);
			buildRules = (
			);
			dependencies = (
			);
			name = GratuityCalculator;
			productName = GratuityCalculator;
			productReference = 4F0541751F575A5F0019868C /* GratuityCalculator.app */;
			productType = "com.apple.product-type.application";
		};
/* End PBXNativeTarget section */

/* Begin PBXProject section */
		4F05416D1F575A5F0019868C /* Project object */ = {
			isa = PBXProject;
			attributes = {
				LastSwiftUpdateCheck = 0830;
				LastUpgradeCheck = 0830;
				ORGANIZATIONNAME = "Elliott, Rob";
				TargetAttributes = {
					4F0541741F575A5F0019868C = {
						CreatedOnToolsVersion = 8.3.3;
						ProvisioningStyle = Automatic;
					};
				};
			};
			buildConfigurationList = 4F0541701F575A5F0019868C /* Build configuration list for PBXProject "GratuityCalculator" */;
			compatibilityVersion = "Xcode 3.2";
			developmentRegion = English;
			hasScannedForEncodings = 0;
			knownRegions = (
				en,
				Base,
			);
			mainGroup = 4F05416C1F575A5F0019868C;
			productRefGroup = 4F0541761F575A5F0019868C /* Products */;
			projectDirPath = "";
			projectRoot = "";
			targets = (
				4F0541741F575A5F0019868C /* GratuityCalculator */,
			);
		};
/* End PBXProject section */

/* Begin PBXResourcesBuildPhase section */
		4F0541731F575A5F0019868C /* Resources */ = {
			isa = PBXResourcesBuildPhase;
			buildActionMask = 2147483647;
			files = (
				4F0541831F575A5F0019868C /* LaunchScreen.storyboard in Resources */,
				4F0541801F575A5F0019868C /* Assets.xcassets in Resources */,
				4F05417E1F575A5F0019868C /* Main.storyboard in Resources */,
			);
			runOnlyForDeploymentPostprocessing = 0;
		};
/* End PBXResourcesBuildPhase section */

/* Begin PBXSourcesBuildPhase section */
		4F0541711F575A5F0019868C /* Sources */ = {
			isa = PBXSourcesBuildPhase;
			buildActionMask = 2147483647;
			files = (
				276F9E431F609E4C009A3683 /* Gratuity.swift in Sources */,
				4F05417B1F575A5F0019868C /* ViewController.swift in Sources */,
				4F0541791F575A5F0019868C /* AppDelegate.swift in Sources */,
			);
			runOnlyForDeploymentPostprocessing = 0;
		};
/* End PBXSourcesBuildPhase section */

/* Begin PBXVariantGroup section */
		4F05417C1F575A5F0019868C /* Main.storyboard */ = {
			isa = PBXVariantGroup;
			children = (
				4F05417D1F575A5F0019868C /* Base */,
			);
			name = Main.storyboard;
			sourceTree = "<group>";
		};
		4F0541811F575A5F0019868C /* LaunchScreen.storyboard */ = {
			isa = PBXVariantGroup;
			children = (
				4F0541821F575A5F0019868C /* Base */,
			);
			name = LaunchScreen.storyboard;
			sourceTree = "<group>";
		};
/* End PBXVariantGroup section */

/* Begin XCBuildConfiguration section */
		4F0541851F575A5F0019868C /* Debug */ = {
			isa = XCBuildConfiguration;
			buildSettings = {
				ALWAYS_SEARCH_USER_PATHS = NO;
				CLANG_ANALYZER_NONNULL = YES;
				CLANG_ANALYZER_NUMBER_OBJECT_CONVERSION = YES_AGGRESSIVE;
				CLANG_CXX_LANGUAGE_STANDARD = "gnu++0x";
				CLANG_CXX_LIBRARY = "libc++";
				CLANG_ENABLE_MODULES = YES;
				CLANG_ENABLE_OBJC_ARC = YES;
				CLANG_WARN_BOOL_CONVERSION = YES;
				CLANG_WARN_CONSTANT_CONVERSION = YES;
				CLANG_WARN_DIRECT_OBJC_ISA_USAGE = YES_ERROR;
				CLANG_WARN_DOCUMENTATION_COMMENTS = YES;
				CLANG_WARN_EMPTY_BODY = YES;
				CLANG_WARN_ENUM_CONVERSION = YES;
				CLANG_WARN_INFINITE_RECURSION = YES;
				CLANG_WARN_INT_CONVERSION = YES;
				CLANG_WARN_OBJC_ROOT_CLASS = YES_ERROR;
				CLANG_WARN_SUSPICIOUS_MOVE = YES;
				CLANG_WARN_UNREACHABLE_CODE = YES;
				CLANG_WARN__DUPLICATE_METHOD_MATCH = YES;
				"CODE_SIGN_IDENTITY[sdk=iphoneos*]" = "iPhone Developer";
				COPY_PHASE_STRIP = NO;
				DEBUG_INFORMATION_FORMAT = dwarf;
				ENABLE_STRICT_OBJC_MSGSEND = YES;
				ENABLE_TESTABILITY = YES;
				GCC_C_LANGUAGE_STANDARD = gnu99;
				GCC_DYNAMIC_NO_PIC = NO;
				GCC_NO_COMMON_BLOCKS = YES;
				GCC_OPTIMIZATION_LEVEL = 0;
				GCC_PREPROCESSOR_DEFINITIONS = (
					"DEBUG=1",
					"$(inherited)",
				);
				GCC_WARN_64_TO_32_BIT_CONVERSION = YES;
				GCC_WARN_ABOUT_RETURN_TYPE = YES_ERROR;
				GCC_WARN_UNDECLARED_SELECTOR = YES;
				GCC_WARN_UNINITIALIZED_AUTOS = YES_AGGRESSIVE;
				GCC_WARN_UNUSED_FUNCTION = YES;
				GCC_WARN_UNUSED_VARIABLE = YES;
				IPHONEOS_DEPLOYMENT_TARGET = 10.3;
				MTL_ENABLE_DEBUG_INFO = YES;
				ONLY_ACTIVE_ARCH = YES;
				SDKROOT = iphoneos;
				SWIFT_ACTIVE_COMPILATION_CONDITIONS = DEBUG;
				SWIFT_OPTIMIZATION_LEVEL = "-Onone";
			};
			name = Debug;
		};
		4F0541861F575A5F0019868C /* Release */ = {
			isa = XCBuildConfiguration;
			buildSettings = {
				ALWAYS_SEARCH_USER_PATHS = NO;
				CLANG_ANALYZER_NONNULL = YES;
				CLANG_ANALYZER_NUMBER_OBJECT_CONVERSION = YES_AGGRESSIVE;
				CLANG_CXX_LANGUAGE_STANDARD = "gnu++0x";
				CLANG_CXX_LIBRARY = "libc++";
				CLANG_ENABLE_MODULES = YES;
				CLANG_ENABLE_OBJC_ARC = YES;
				CLANG_WARN_BOOL_CONVERSION = YES;
				CLANG_WARN_CONSTANT_CONVERSION = YES;
				CLANG_WARN_DIRECT_OBJC_ISA_USAGE = YES_ERROR;
				CLANG_WARN_DOCUMENTATION_COMMENTS = YES;
				CLANG_WARN_EMPTY_BODY = YES;
				CLANG_WARN_ENUM_CONVERSION = YES;
				CLANG_WARN_INFINITE_RECURSION = YES;
				CLANG_WARN_INT_CONVERSION = YES;
				CLANG_WARN_OBJC_ROOT_CLASS = YES_ERROR;
				CLANG_WARN_SUSPICIOUS_MOVE = YES;
				CLANG_WARN_UNREACHABLE_CODE = YES;
				CLANG_WARN__DUPLICATE_METHOD_MATCH = YES;
				"CODE_SIGN_IDENTITY[sdk=iphoneos*]" = "iPhone Developer";
				COPY_PHASE_STRIP = NO;
				DEBUG_INFORMATION_FORMAT = "dwarf-with-dsym";
				ENABLE_NS_ASSERTIONS = NO;
				ENABLE_STRICT_OBJC_MSGSEND = YES;
				GCC_C_LANGUAGE_STANDARD = gnu99;
				GCC_NO_COMMON_BLOCKS = YES;
				GCC_WARN_64_TO_32_BIT_CONVERSION = YES;
				GCC_WARN_ABOUT_RETURN_TYPE = YES_ERROR;
				GCC_WARN_UNDECLARED_SELECTOR = YES;
				GCC_WARN_UNINITIALIZED_AUTOS = YES_AGGRESSIVE;
				GCC_WARN_UNUSED_FUNCTION = YES;
				GCC_WARN_UNUSED_VARIABLE = YES;
				IPHONEOS_DEPLOYMENT_TARGET = 10.3;
				MTL_ENABLE_DEBUG_INFO = NO;
				SDKROOT = iphoneos;
				SWIFT_OPTIMIZATION_LEVEL = "-Owholemodule";
				VALIDATE_PRODUCT = YES;
			};
			name = Release;
		};
		4F0541881F575A5F0019868C /* Debug */ = {
			isa = XCBuildConfiguration;
			buildSettings = {
				ASSETCATALOG_COMPILER_APPICON_NAME = AppIcon;
				INFOPLIST_FILE = GratuityCalculator/Info.plist;
				LD_RUNPATH_SEARCH_PATHS = "$(inherited) @executable_path/Frameworks";
				PRODUCT_BUNDLE_IDENTIFIER = edu.iupui.elliott.GratuityCalculator;
				PRODUCT_NAME = "$(TARGET_NAME)";
				SWIFT_VERSION = 3.0;
			};
			name = Debug;
		};
		4F0541891F575A5F0019868C /* Release */ = {
			isa = XCBuildConfiguration;
			buildSettings = {
				ASSETCATALOG_COMPILER_APPICON_NAME = AppIcon;
				INFOPLIST_FILE = GratuityCalculator/Info.plist;
				LD_RUNPATH_SEARCH_PATHS = "$(inherited) @executable_path/Frameworks";
				PRODUCT_BUNDLE_IDENTIFIER = edu.iupui.elliott.GratuityCalculator;
				PRODUCT_NAME = "$(TARGET_NAME)";
				SWIFT_VERSION = 3.0;
			};
			name = Release;
		};
/* End XCBuildConfiguration section */

/* Begin XCConfigurationList section */
		4F0541701F575A5F0019868C /* Build configuration list for PBXProject "GratuityCalculator" */ = {
			isa = XCConfigurationList;
			buildConfigurations = (
				4F0541851F575A5F0019868C /* Debug */,
				4F0541861F575A5F0019868C /* Release */,
			);
			defaultConfigurationIsVisible = 0;
			defaultConfigurationName = Release;
		};
		4F0541871F575A5F0019868C /* Build configuration list for PBXNativeTarget "GratuityCalculator" */ = {
			isa = XCConfigurationList;
			buildConfigurations = (
				4F0541881F575A5F0019868C /* Debug */,
				4F0541891F575A5F0019868C /* Release */,
			);
			defaultConfigurationIsVisible = 0;
			defaultConfigurationName = Release;
		};
/* End XCConfigurationList section */
	};
	rootObject = 4F05416D1F575A5F0019868C /* Project object */;
}
